
Microsoft Visual Studio Solution File, Format Version 12.00
# Visual Studio Version 16
VisualStudioVersion = 16.0.32106.194
MinimumVisualStudioVersion = 10.0.40219.1
Project("{FAE04EC0-301F-11D3-BF4B-00C04F79EFBC}") = "observer-pattern", "observer-pattern\observer-pattern.csproj", "{6B237945-ABE6-4752-B968-CDB9C253E6BA}"
EndProject
Project("{FAE04EC0-301F-11D3-BF4B-00C04F79EFBC}") = "ClassLibraryObserver-Pattern", "ClassLibraryObserver-Pattern\ClassLibraryObserver-Pattern.csproj", "{52DC7B1A-6082-4557-9A16-EC248F222A04}"
EndProject
Global
	GlobalSection(SolutionConfigurationPlatforms) = preSolution
		Debug|Any CPU = Debug|Any CPU
		Release|Any CPU = Release|Any CPU
	EndGlobalSection
	GlobalSection(ProjectConfigurationPlatforms) = postSolution
		{6B237945-ABE6-4752-B968-CDB9C253E6BA}.Debug|Any CPU.ActiveCfg = Debug|Any CPU
		{6B237945-ABE6-4752-B968-CDB9C253E6BA}.Debug|Any CPU.Build.0 = Debug|Any CPU
		{6B237945-ABE6-4752-B968-CDB9C253E6BA}.Release|Any CPU.ActiveCfg = Release|Any CPU
		{6B237945-ABE6-4752-B968-CDB9C253E6BA}.Release|Any CPU.Build.0 = Release|Any CPU
		{52DC7B1A-6082-4557-9A16-EC248F222A04}.Debug|Any CPU.ActiveCfg = Debug|Any CPU
		{52DC7B1A-6082-4557-9A16-EC248F222A04}.Debug|Any CPU.Build.0 = Debug|Any CPU
		{52DC7B1A-6082-4557-9A16-EC248F222A04}.Release|Any CPU.ActiveCfg = Release|Any CPU
		{52DC7B1A-6082-4557-9A16-EC248F222A04}.Release|Any CPU.Build.0 = Release|Any CPU
	EndGlobalSection
	GlobalSection(SolutionProperties) = preSolution
		HideSolutionNode = FALSE
	EndGlobalSection
	GlobalSection(ExtensibilityGlobals) = postSolution
		SolutionGuid = {F802FD28-BBF0-4143-8EAF-D184A5DD0A46}
	EndGlobalSection
EndGlobal
